{
  "nodes": {
    "nixpkgs": {
      "locked": {
        "lastModified": 1669507072,
        "narHash": "sha256-RQAHgHM7wfgUTWbEjb8Ki43tQUUcwIg1Ra+PNustAVI=",
        "owner": "NixOS",
        "repo": "nixpkgs",
        "rev": "9e6b054555c9b10310543cd213ce7c70bb0cbc5f",
        "type": "github"
      },
      "original": {
        "owner": "NixOS",
        "ref": "nixpkgs-unstable",
        "repo": "nixpkgs",
        "type": "github"
      }
    },
    "root": {
      "inputs": {
        "nixpkgs": "nixpkgs",
        "stacklock2nix": "stacklock2nix"
      }
    },
    "stacklock2nix": {
      "locked": {
        "lastModified": 1669636522,
        "narHash": "sha256-8qzC/W/kMrGdcv0yMIcz0IlGjN34i1aeSLffS9IzvaM=",
        "owner": "cdepillabout",
        "repo": "stacklock2nix",
        "rev": "475007c9de95f92a75e6bcb8cf587fcf30db0f98",
        "type": "github"
      },
      "original": {
        "owner": "cdepillabout",
        "ref": "main",
        "repo": "stacklock2nix",
        "type": "github"
      }
    }
  },
  "root": "root",
  "version": 7
}
