# This file was autogenerated by Stack.
# You should not edit this file by hand.
# For more information, please see the documentation at:
#   https://docs.haskellstack.org/en/stable/lock_files

packages:
- completed:
    hackage: unagi-streams-0.2.7@sha256:4aa0290e5e92145686ba54ab5a53972c0f9fd22b9e06492d769ae61c8423aa22,1142
    pantry-tree:
      sha256: fe3eb224bf3771c039081e6097e9199095354be78770ab1215688f9316f692d6
      size: 329
  original:
    hackage: unagi-streams-0.2.7
- completed:
    commit: f76308b42b9f93a6641c70847cec8ecafbad3abc
    git: https://github.com/haskell-servant/servant-cassava
    name: servant-cassava
    pantry-tree:
      sha256: 1e040a08512e69847e2c9a9e313927b4a1864408a32ac935819247291d154ea7
      size: 652
    version: 0.10.1
  original:
    commit: f76308b42b9f93a6641c70847cec8ecafbad3abc
    git: https://github.com/haskell-servant/servant-cassava
- completed:
    commit: 1fba9dc6048cea6184964032b861b052cd54878c
    git: https://github.com/haskell-servant/servant
    name: servant-client
    pantry-tree:
      sha256: c37445bd27aa2f7234b3c5ef73533b0952b979f005d38ca5ebfc8230e2712f92
      size: 1481
    subdir: servant-client
    version: '0.19'
  original:
    commit: 1fba9dc6048cea6184964032b861b052cd54878c
    git: https://github.com/haskell-servant/servant
    subdir: servant-client
- completed:
    commit: 1fba9dc6048cea6184964032b861b052cd54878c
    git: https://github.com/haskell-servant/servant
    name: servant
    pantry-tree:
      sha256: ce0c502681ffbf5cb48f5606e9a9947e4c956b39ed8ce5b1a590dbaeff112dd9
      size: 2949
    subdir: servant
    version: '0.19'
  original:
    commit: 1fba9dc6048cea6184964032b861b052cd54878c
    git: https://github.com/haskell-servant/servant
    subdir: servant
- completed:
    commit: 1fba9dc6048cea6184964032b861b052cd54878c
    git: https://github.com/haskell-servant/servant
    name: servant-server
    pantry-tree:
      sha256: 2f0df25ed677c6f08aaf1499eec2c82830aedbbe19564d7356ed77cbd49ceeed
      size: 2727
    subdir: servant-server
    version: 0.19.1
  original:
    commit: 1fba9dc6048cea6184964032b861b052cd54878c
    git: https://github.com/haskell-servant/servant
    subdir: servant-server
- completed:
    name: amazonka
    pantry-tree:
      sha256: f1ba46f355d47bd1494d01b4eb1002c8efdd666639aa3fd0163581409071b7b8
      size: 1318
    sha256: 3cc2cdb4add25e6ef36c5124301387039b2f71fb7a809732cfce182b830787b1
    size: 30018929
    subdir: lib/amazonka
    url: https://github.com/brendanhay/amazonka/archive/43e8fb7e6e30e24adef11f66331ae6752642bffd.tar.gz
    version: '2.0'
  original:
    subdir: lib/amazonka
    url: https://github.com/brendanhay/amazonka/archive/43e8fb7e6e30e24adef11f66331ae6752642bffd.tar.gz
- completed:
    name: amazonka-core
    pantry-tree:
      sha256: 8707039e4fb7c575fbcd04906e4f541948ed152534da6d3830b9675badb4c71d
      size: 3192
    sha256: 3cc2cdb4add25e6ef36c5124301387039b2f71fb7a809732cfce182b830787b1
    size: 30018929
    subdir: lib/amazonka-core
    url: https://github.com/brendanhay/amazonka/archive/43e8fb7e6e30e24adef11f66331ae6752642bffd.tar.gz
    version: '2.0'
  original:
    subdir: lib/amazonka-core
    url: https://github.com/brendanhay/amazonka/archive/43e8fb7e6e30e24adef11f66331ae6752642bffd.tar.gz
snapshots:
- completed:
    sha256: 895204e9116cba1f32047525ec5bad7423216587706e5df044c4a7c191a5d8cb
    size: 644482
    url: https://raw.githubusercontent.com/commercialhaskell/stackage-snapshots/master/nightly/2022/10/18.yaml
  original: nightly-2022-10-18
