{
  "nodes": {
    "all-cabal-hashes": {
      "flake": false,
      "locked": {
        "lastModified": 1686760018,
        "narHash": "sha256-ip6G/Et4wBD7Y6FSVHOR3I8ALIPtoUUEmLYQCOZjlEg=",
        "owner": "commercialhaskell",
        "repo": "all-cabal-hashes",
        "rev": "50d9638cef449a0cd59d698d5e8c2d5abccf18a8",
        "type": "github"
      },
      "original": {
        "owner": "commercialhaskell",
        "ref": "hackage",
        "repo": "all-cabal-hashes",
        "type": "github"
      }
    },
    "nixpkgs": {
      "locked": {
        "lastModified": 1686089707,
        "narHash": "sha256-LTNlJcru2qJ0XhlhG9Acp5KyjB774Pza3tRH0pKIb3o=",
        "owner": "NixOS",
        "repo": "nixpkgs",
        "rev": "af21c31b2a1ec5d361ed8050edd0303c31306397",
        "type": "github"
      },
      "original": {
        "owner": "NixOS",
        "ref": "nixpkgs-unstable",
        "repo": "nixpkgs",
        "type": "github"
      }
    },
    "root": {
      "inputs": {
        "all-cabal-hashes": "all-cabal-hashes",
        "nixpkgs": "nixpkgs",
        "stacklock2nix": "stacklock2nix"
      }
    },
    "stacklock2nix": {
      "locked": {
        "lastModified": 1686721363,
        "narHash": "sha256-ZIRCubbKAwuNjMWdeXl9Gs7WaBGa5nQkK8hDXP6NejQ=",
        "owner": "cdepillabout",
        "repo": "stacklock2nix",
        "rev": "5cf045e262079a8233c6e84725c3471d217254e2",
        "type": "github"
      },
      "original": {
        "owner": "cdepillabout",
        "ref": "main",
        "repo": "stacklock2nix",
        "type": "github"
      }
    }
  },
  "root": "root",
  "version": 7
}
