{
  "nodes": {
    "nixpkgs": {
      "locked": {
        "lastModified": 1669507072,
        "narHash": "sha256-RQAHgHM7wfgUTWbEjb8Ki43tQUUcwIg1Ra+PNustAVI=",
        "owner": "NixOS",
        "repo": "nixpkgs",
        "rev": "9e6b054555c9b10310543cd213ce7c70bb0cbc5f",
        "type": "github"
      },
      "original": {
        "owner": "NixOS",
        "ref": "nixpkgs-unstable",
        "repo": "nixpkgs",
        "type": "github"
      }
    },
    "root": {
      "inputs": {
        "nixpkgs": "nixpkgs",
        "stacklock2nix": "stacklock2nix"
      }
    },
    "stacklock2nix": {
      "locked": {
        "lastModified": 1670381124,
        "narHash": "sha256-/eBEJ4VW1gcFbJaA8LP5VbtYCPw16AI9Wtp+cuAt/kM=",
        "owner": "cdepillabout",
        "repo": "stacklock2nix",
        "rev": "8677b6d67e5534468d1686fa422d0706f8313d0c",
        "type": "github"
      },
      "original": {
        "owner": "cdepillabout",
        "ref": "main",
        "repo": "stacklock2nix",
        "type": "github"
      }
    }
  },
  "root": "root",
  "version": 7
}
