# This file was autogenerated by Stack.
# You should not edit this file by hand.
# For more information, please see the documentation at:
#   https://docs.haskellstack.org/en/stable/lock_files

packages:
- completed:
    hackage: unagi-streams-0.2.7@sha256:4aa0290e5e92145686ba54ab5a53972c0f9fd22b9e06492d769ae61c8423aa22,1142
    pantry-tree:
      sha256: fe3eb224bf3771c039081e6097e9199095354be78770ab1215688f9316f692d6
      size: 329
  original:
    hackage: unagi-streams-0.2.7
- completed:
    commit: 9e27886d7f41023e6aa1429f6f2badf1b3cb5293
    git: https://github.com/haskell-servant/servant-cassava
    name: servant-cassava
    pantry-tree:
      sha256: 89ee177e8bce42f1cb466bbab1d8a38ce030e17b52470fff52e863c059a62c99
      size: 652
    version: 0.10.2
  original:
    commit: 9e27886d7f41023e6aa1429f6f2badf1b3cb5293
    git: https://github.com/haskell-servant/servant-cassava
snapshots:
- completed:
    sha256: 889b6bffaf21cd509a7c6017703281e77c2f6df0a0908a11c85fa97fcbf11d4e
    size: 680573
    url: https://raw.githubusercontent.com/commercialhaskell/stackage-snapshots/master/lts/23/10.yaml
  original: lts-23.10
